# This file is generated by running "yarn install" inside your project.
# Manual changes might be lost - proceed with caution!

__metadata:
  version: 5
  cacheKey: 8

"@sindresorhus/is@npm:^4.2.0":
  version: 4.2.0
  resolution: "@sindresorhus/is@npm:4.2.0"
  checksum: 59040dfb75c2eb6ab76e8c7ac10b7f7f6ba740f0b5ac618a89a8bcdbaf923836a8e998078d59d81f6f13f4b6bbe15bfe1bca962c877edcbe9160d1c100c56fd7
  languageName: node
  linkType: hard

"@tamagui/build@npm:^1.0.0-alpha.17":
  version: 1.0.0-alpha.17
  resolution: "@tamagui/build@npm:1.0.0-alpha.17"
  bin:
    tamagui-build: tamagui-build.js
  checksum: 8017c2397c104de279fad88977d6186512d1cd9b19e97e314da316cbcb1eb69fa23bcc39634c41d4550d2227a57548317a18d499541f9985ffc9288c13dc6599
  languageName: node
  linkType: hard

"@tamagui/core@npm:^1.0.0-alpha.21":
  version: 1.0.0-alpha.21
  resolution: "@tamagui/core@npm:1.0.0-alpha.21"
  dependencies:
    "@tamagui/helpers": ^1.0.0-alpha.17
    "@tamagui/ow": ^0.28.1
    "@tamagui/use-debounce": ^1.0.0-alpha.18
    "@tamagui/use-force-update": ^1.0.0-alpha.18
    react: "*"
    react-dom: "*"
  peerDependencies:
    react-native-web: "*"
  checksum: 7d3e2517b900273046cdef2f5d666ec5aec639144b896f7c057924ee3eae3a4d76ad3578a4d8af6396e013179aed999873302eea0af220278c60637dbc90ba4c
  languageName: node
  linkType: hard

"@tamagui/helpers@npm:^1.0.0-alpha.17":
  version: 1.0.0-alpha.17
  resolution: "@tamagui/helpers@npm:1.0.0-alpha.17"
  peerDependencies:
    react-native: "*"
  checksum: d67e75d28a327addd0465bb3c5c38a28df61f87fdd875abe5db1ef67200960ccb5f9a40e7873e2faf3b8894220ca8227d4bccc61c8b8892477277501028bf562
  languageName: node
  linkType: hard

"@tamagui/ow@npm:^0.28.1":
  version: 0.28.1
  resolution: "@tamagui/ow@npm:0.28.1"
  dependencies:
    "@sindresorhus/is": ^4.2.0
    callsites: ^3.1.0
    dot-prop: ^6.0.1
    lodash.isequal: ^4.5.0
    type-fest: ^2.3.4
    vali-date: ^1.0.0
  checksum: 636a096b72b86241dae7dec03c87c055f6ddb2199ebd3c54106de94b7664913a0d3d7be51655259c29c763ac13a39bfb822bfa4a28c9c2efd73527e0721fb539
  languageName: node
  linkType: hard

"@tamagui/use-debounce@npm:^1.0.0-alpha.18":
  version: 1.0.0-alpha.18
  resolution: "@tamagui/use-debounce@npm:1.0.0-alpha.18"
  dependencies:
    react: "*"
  checksum: 8f40657b1116764e7f4be0955ff5501d2babd9942410c71d59f8064268b54330141d19dc707c7e3453685487b1e58713908f750a8502c1c0ff2035c212512367
  languageName: node
  linkType: hard

"@tamagui/use-force-update@npm:^1.0.0-alpha.18":
  version: 1.0.0-alpha.18
  resolution: "@tamagui/use-force-update@npm:1.0.0-alpha.18"
  dependencies:
    react: "*"
  checksum: 2f0e6cbf1e4b69e81f0f16894e1c4be78718e5aeb3b0a6708f99bb492890eeaf5d773337f1426c43c00fa496704be61c204ba2427e01b3808965c0672cbdae16
  languageName: node
  linkType: hard

"@types/node@npm:^16.11.9":
  version: 16.11.10
  resolution: "@types/node@npm:16.11.10"
  checksum: 9c79419c5c3d92d5825bffa30f3668533f598d8b63a73ea7fc24e47f162bdbed92b0f8e4f4261cc3314b39cee050e303366d2aa154abc95c63a572a110b8c160
  languageName: node
  linkType: hard

"@types/prettier@npm:^2":
  version: 2.4.2
  resolution: "@types/prettier@npm:2.4.2"
  checksum: 76e230b2d11028af11fe12e09b2d5b10b03738e9abf819ae6ebb0f78cac13d39f860755ce05ac3855b608222518d956628f5d00322dc206cc6d1f2d8d1519f1e
  languageName: node
  linkType: hard

"@types/prop-types@npm:*":
  version: 15.7.4
  resolution: "@types/prop-types@npm:15.7.4"
  checksum: ef6e1899e59b876c273811b1bd845022fc66d5a3d11cb38a25b6c566b30514ae38fe20a40f67622f362a4f4f7f9224e22d8da101cff3d6e97e11d7b4c307cfc1
  languageName: node
  linkType: hard

"@types/react@npm:^17.0.35":
  version: 17.0.37
  resolution: "@types/react@npm:17.0.37"
  dependencies:
    "@types/prop-types": "*"
    "@types/scheduler": "*"
    csstype: ^3.0.2
  checksum: e68b0d59aa69577fc6a6d654b25d5d8408625498f4c483f160b557fac21e840f6e8807cbde93e9f039949b6d624a019b1990d18499c1d65aecf3605c25e30242
  languageName: node
  linkType: hard

"@types/scheduler@npm:*":
  version: 0.16.2
  resolution: "@types/scheduler@npm:0.16.2"
  checksum: b6b4dcfeae6deba2e06a70941860fb1435730576d3689225a421280b7742318d1548b3d22c1f66ab68e414f346a9542f29240bc955b6332c5b11e561077583bc
  languageName: node
  linkType: hard

"array-find-index@npm:^1.0.2":
  version: 1.0.2
  resolution: "array-find-index@npm:1.0.2"
  checksum: aac128bf369e1ac6c06ff0bb330788371c0e256f71279fb92d745e26fb4b9db8920e485b4ec25e841c93146bf71a34dcdbcefa115e7e0f96927a214d237b7081
  languageName: node
  linkType: hard

"asap@npm:~2.0.3":
  version: 2.0.6
  resolution: "asap@npm:2.0.6"
  checksum: b296c92c4b969e973260e47523207cd5769abd27c245a68c26dc7a0fe8053c55bb04360237cb51cab1df52be939da77150ace99ad331fb7fb13b3423ed73ff3d
  languageName: node
  linkType: hard

"callsites@npm:^3.1.0":
  version: 3.1.0
  resolution: "callsites@npm:3.1.0"
  checksum: 072d17b6abb459c2ba96598918b55868af677154bec7e73d222ef95a8fdb9bbf7dae96a8421085cdad8cd190d86653b5b6dc55a4484f2e5b2e27d5e0c3fc15b3
  languageName: node
  linkType: hard

"create-react-class@npm:^15.7.0":
  version: 15.7.0
  resolution: "create-react-class@npm:15.7.0"
  dependencies:
    loose-envify: ^1.3.1
    object-assign: ^4.1.1
  checksum: 0c5f43da705fa9f67ec289051dd5780792652d440dfa17cd2c7d8423c1f604609596f895dabf46fda1960ddd93ee96fe1b61ef4d55a94fc4271b07d515486714
  languageName: node
  linkType: hard

"cross-fetch@npm:^3.0.4":
  version: 3.1.4
  resolution: "cross-fetch@npm:3.1.4"
  dependencies:
    node-fetch: 2.6.1
  checksum: 2107e5e633aa327bdacab036b1907c7ddd28651ede0c1d4fd14db04510944d56849a8255e2f5b8f9a1da0e061b6cee943f6819fe29ed9a130195e7fadd82a4ff
  languageName: node
  linkType: hard

"css-in-js-utils@npm:^2.0.0":
  version: 2.0.1
  resolution: "css-in-js-utils@npm:2.0.1"
  dependencies:
    hyphenate-style-name: ^1.0.2
    isobject: ^3.0.1
  checksum: c9964c4708216954c468b69bbee2d971fd759ada4f40637b8ca4d3f79caba4818d0532a4f190ac560227c08742ad063ffec7a30afddc4d96b66a18c3a008f0d8
  languageName: node
  linkType: hard

"csstype@npm:^3.0.2":
  version: 3.0.10
  resolution: "csstype@npm:3.0.10"
  checksum: 20a8fa324f2b33ddf94aa7507d1b6ab3daa6f3cc308888dc50126585d7952f2471de69b2dbe0635d1fdc31223fef8e070842691877e725caf456e2378685a631
  languageName: node
  linkType: hard

"dot-prop@npm:^6.0.1":
  version: 6.0.1
  resolution: "dot-prop@npm:6.0.1"
  dependencies:
    is-obj: ^2.0.0
  checksum: 0f47600a4b93e1dc37261da4e6909652c008832a5d3684b5bf9a9a0d3f4c67ea949a86dceed9b72f5733ed8e8e6383cc5958df3bbd0799ee317fd181f2ece700
  languageName: node
  linkType: hard

"exp-tamagui-moti@workspace:.":
  version: 0.0.0-use.local
  resolution: "exp-tamagui-moti@workspace:."
  dependencies:
    "@tamagui/build": ^1.0.0-alpha.17
    "@tamagui/core": ^1.0.0-alpha.21
    "@types/node": ^16.11.9
    "@types/prettier": ^2
    "@types/react": ^17.0.35
    prettier: 2.5.0
    react: 17.0.2
    react-dom: 17.0.2
    react-native-web: ^0.17.5
    typescript: ^4.5.2
  peerDependencies:
    react-native-web: "*"
  languageName: unknown
  linkType: soft

"fbjs-css-vars@npm:^1.0.0":
  version: 1.0.2
  resolution: "fbjs-css-vars@npm:1.0.2"
  checksum: 72baf6d22c45b75109118b4daecb6c8016d4c83c8c0f23f683f22e9d7c21f32fff6201d288df46eb561e3c7d4bb4489b8ad140b7f56444c453ba407e8bd28511
  languageName: node
  linkType: hard

"fbjs@npm:^3.0.0":
  version: 3.0.1
  resolution: "fbjs@npm:3.0.1"
  dependencies:
    cross-fetch: ^3.0.4
    fbjs-css-vars: ^1.0.0
    loose-envify: ^1.0.0
    object-assign: ^4.1.0
    promise: ^7.1.1
    setimmediate: ^1.0.5
    ua-parser-js: ^0.7.30
  checksum: bc9d698769f4795b970b0723ec4393b01715ef902ffab8a0b4f0de4d9862b5896014ed6de6b773c0ed35fca616692a25e5a43a266816d77241a454cda79a1560
  languageName: node
  linkType: hard

"hyphenate-style-name@npm:^1.0.2, hyphenate-style-name@npm:^1.0.4":
  version: 1.0.4
  resolution: "hyphenate-style-name@npm:1.0.4"
  checksum: 4f5bf4b055089754924babebaa23c17845937bcca6aee95d5d015f8fa1e6814279002bd6a9e541e3fac2cd02519fc76305396727066c57c8e21a7e73e7a12137
  languageName: node
  linkType: hard

"inline-style-prefixer@npm:^6.0.0":
  version: 6.0.1
  resolution: "inline-style-prefixer@npm:6.0.1"
  dependencies:
    css-in-js-utils: ^2.0.0
  checksum: 0bfa6fa89faa21e425c71425910c37c7b35a16ea753586c408fcc9246c84937c1b8184e6ce792139cda5de5cce8e1bc9eb0ba9f30968bdc97e7a06ece21c0737
  languageName: node
  linkType: hard

"is-obj@npm:^2.0.0":
  version: 2.0.0
  resolution: "is-obj@npm:2.0.0"
  checksum: c9916ac8f4621962a42f5e80e7ffdb1d79a3fab7456ceaeea394cd9e0858d04f985a9ace45be44433bf605673c8be8810540fe4cc7f4266fc7526ced95af5a08
  languageName: node
  linkType: hard

"isobject@npm:^3.0.1":
  version: 3.0.1
  resolution: "isobject@npm:3.0.1"
  checksum: db85c4c970ce30693676487cca0e61da2ca34e8d4967c2e1309143ff910c207133a969f9e4ddb2dc6aba670aabce4e0e307146c310350b298e74a31f7d464703
  languageName: node
  linkType: hard

"js-tokens@npm:^3.0.0 || ^4.0.0":
  version: 4.0.0
  resolution: "js-tokens@npm:4.0.0"
  checksum: 8a95213a5a77deb6cbe94d86340e8d9ace2b93bc367790b260101d2f36a2eaf4e4e22d9fa9cf459b38af3a32fb4190e638024cf82ec95ef708680e405ea7cc78
  languageName: node
  linkType: hard

"lodash.isequal@npm:^4.5.0":
  version: 4.5.0
  resolution: "lodash.isequal@npm:4.5.0"
  checksum: da27515dc5230eb1140ba65ff8de3613649620e8656b19a6270afe4866b7bd461d9ba2ac8a48dcc57f7adac4ee80e1de9f965d89d4d81a0ad52bb3eec2609644
  languageName: node
  linkType: hard

"loose-envify@npm:^1.0.0, loose-envify@npm:^1.1.0, loose-envify@npm:^1.3.1, loose-envify@npm:^1.4.0":
  version: 1.4.0
  resolution: "loose-envify@npm:1.4.0"
  dependencies:
    js-tokens: ^3.0.0 || ^4.0.0
  bin:
    loose-envify: cli.js
  checksum: 6517e24e0cad87ec9888f500c5b5947032cdfe6ef65e1c1936a0c48a524b81e65542c9c3edc91c97d5bddc806ee2a985dbc79be89215d613b1de5db6d1cfe6f4
  languageName: node
  linkType: hard

"node-fetch@npm:2.6.1":
  version: 2.6.1
  resolution: "node-fetch@npm:2.6.1"
  checksum: 91075bedd57879117e310fbcc36983ad5d699e522edb1ebcdc4ee5294c982843982652925c3532729fdc86b2d64a8a827797a745f332040d91823c8752ee4d7c
  languageName: node
  linkType: hard

"normalize-css-color@npm:^1.0.2":
  version: 1.0.2
  resolution: "normalize-css-color@npm:1.0.2"
  checksum: 7433dc995a8d27c9384059ef0b52ceef47f4fab1bab55f1f085058b27e7472466ce321f46391fc85b6851db5212b9bd2bf55f5dc361da01a8a8cf4c360f69dab
  languageName: node
  linkType: hard

"object-assign@npm:^4.1.0, object-assign@npm:^4.1.1":
  version: 4.1.1
  resolution: "object-assign@npm:4.1.1"
  checksum: fcc6e4ea8c7fe48abfbb552578b1c53e0d194086e2e6bbbf59e0a536381a292f39943c6e9628af05b5528aa5e3318bb30d6b2e53cadaf5b8fe9e12c4b69af23f
  languageName: node
  linkType: hard

"prettier@npm:2.5.0":
  version: 2.5.0
  resolution: "prettier@npm:2.5.0"
  bin:
    prettier: bin-prettier.js
  checksum: aad1b35b73e7c14596d389d90977a83dad0db689ba5802a0ef319c357b7867f55b885db197972aa6a56c30f53088c9f8e0d7f7930ae074c275a4e9cbe091d21d
  languageName: node
  linkType: hard

"promise@npm:^7.1.1":
  version: 7.3.1
  resolution: "promise@npm:7.3.1"
  dependencies:
    asap: ~2.0.3
  checksum: 475bb069130179fbd27ed2ab45f26d8862376a137a57314cf53310bdd85cc986a826fd585829be97ebc0aaf10e9d8e68be1bfe5a4a0364144b1f9eedfa940cf1
  languageName: node
  linkType: hard

"prop-types@npm:^15.6.0":
  version: 15.7.2
  resolution: "prop-types@npm:15.7.2"
  dependencies:
    loose-envify: ^1.4.0
    object-assign: ^4.1.1
    react-is: ^16.8.1
  checksum: 5eef82fdda64252c7e75aa5c8cc28a24bbdece0f540adb60ce67c205cf978a5bd56b83e4f269f91c6e4dcfd80b36f2a2dec24d362e278913db2086ca9c6f9430
  languageName: node
  linkType: hard

"react-dom@npm:*, react-dom@npm:17.0.2":
  version: 17.0.2
  resolution: "react-dom@npm:17.0.2"
  dependencies:
    loose-envify: ^1.1.0
    object-assign: ^4.1.1
    scheduler: ^0.20.2
  peerDependencies:
    react: 17.0.2
  checksum: 1c1eaa3bca7c7228d24b70932e3d7c99e70d1d04e13bb0843bbf321582bc25d7961d6b8a6978a58a598af2af496d1cedcfb1bf65f6b0960a0a8161cb8dab743c
  languageName: node
  linkType: hard

"react-is@npm:^16.8.1":
  version: 16.13.1
  resolution: "react-is@npm:16.13.1"
  checksum: f7a19ac3496de32ca9ae12aa030f00f14a3d45374f1ceca0af707c831b2a6098ef0d6bdae51bd437b0a306d7f01d4677fcc8de7c0d331eb47ad0f46130e53c5f
  languageName: node
  linkType: hard

"react-native-web@npm:^0.17.5":
  version: 0.17.5
  resolution: "react-native-web@npm:0.17.5"
  dependencies:
    array-find-index: ^1.0.2
    create-react-class: ^15.7.0
    fbjs: ^3.0.0
    hyphenate-style-name: ^1.0.4
    inline-style-prefixer: ^6.0.0
    normalize-css-color: ^1.0.2
    prop-types: ^15.6.0
  peerDependencies:
    react: ">=17.0.1"
    react-dom: ">=17.0.1"
  checksum: 548cbba9f8fd081a08d0d882f7db9f5cd38e9706f2261c3f296a8406b2455beba0e80b294b5d052a927b0b2dcfbd5af59a3441ae78a7d407feee59e2f9487232
  languageName: node
  linkType: hard

"react@npm:*, react@npm:17.0.2":
  version: 17.0.2
  resolution: "react@npm:17.0.2"
  dependencies:
    loose-envify: ^1.1.0
    object-assign: ^4.1.1
  checksum: b254cc17ce3011788330f7bbf383ab653c6848902d7936a87b09d835d091e3f295f7e9dd1597c6daac5dc80f90e778c8230218ba8ad599f74adcc11e33b9d61b
  languageName: node
  linkType: hard

"scheduler@npm:^0.20.2":
  version: 0.20.2
  resolution: "scheduler@npm:0.20.2"
  dependencies:
    loose-envify: ^1.1.0
    object-assign: ^4.1.1
  checksum: c4b35cf967c8f0d3e65753252d0f260271f81a81e427241295c5a7b783abf4ea9e905f22f815ab66676f5313be0a25f47be582254db8f9241b259213e999b8fc
  languageName: node
  linkType: hard

"setimmediate@npm:^1.0.5":
  version: 1.0.5
  resolution: "setimmediate@npm:1.0.5"
  checksum: c9a6f2c5b51a2dabdc0247db9c46460152ffc62ee139f3157440bd48e7c59425093f42719ac1d7931f054f153e2d26cf37dfeb8da17a794a58198a2705e527fd
  languageName: node
  linkType: hard

"type-fest@npm:^2.3.4":
  version: 2.6.0
  resolution: "type-fest@npm:2.6.0"
  checksum: 8cb11716f3c2e02d062edc4cafab10097fdcd6de323e34f8929e0eca15c490ba877e2f400d2c322f71922dae60f1750e1733604196ba96b0748c4fe54e958b7d
  languageName: node
  linkType: hard

"typescript@npm:^4.5.2":
  version: 4.5.2
  resolution: "typescript@npm:4.5.2"
  bin:
    tsc: bin/tsc
    tsserver: bin/tsserver
  checksum: 74f9ce65d532bdf5d0214b3f60cf37992180023388c87a11ee6f838a803067ef0b63c600fa501b0deb07f989257dce1e244c9635ed79feca40bbccf6e0aa1ebc
  languageName: node
  linkType: hard

"typescript@patch:typescript@^4.5.2#~builtin<compat/typescript>":
  version: 4.5.2
  resolution: "typescript@patch:typescript@npm%3A4.5.2#~builtin<compat/typescript>::version=4.5.2&hash=493e53"
  bin:
    tsc: bin/tsc
    tsserver: bin/tsserver
  checksum: 53838d56aba6fcc947d63aa0771e5d966b1b648fddafed6e221d7f38c71219c4e036ece8cfe9e35ed80cf5a35ff4eb958934c993f99c3233773ec4f9ccd53f69
  languageName: node
  linkType: hard

"ua-parser-js@npm:^0.7.30":
  version: 0.7.31
  resolution: "ua-parser-js@npm:0.7.31"
  checksum: e2f8324a83d1715601576af85b2b6c03890699aaa7272950fc77ea925c70c5e4f75060ae147dc92124e49f7f0e3d6dd2b0a91e7f40d267e92df8894be967ba8b
  languageName: node
  linkType: hard

"vali-date@npm:^1.0.0":
  version: 1.0.0
  resolution: "vali-date@npm:1.0.0"
  checksum: 6464369cb77003a966591f2bd17b7c938c480956992e254b3455fd1651a3b7633e23aac8a03b974bbdfbd2357da52b98d46357bb6f292ffd28768a6d3959e61e
  languageName: node
  linkType: hard
